
Microsoft Visual Studio Solution File, Format Version 12.00
# Visual Studio Express 15 for Windows Desktop
VisualStudioVersion = 15.0.28010.0
MinimumVisualStudioVersion = 10.0.40219.1
Project("{FAE04EC0-301F-11D3-BF4B-00C04F79EFBC}") = "じゃんけんテスト", "じゃんけんテスト\じゃんけんテスト.csproj", "{EEB8D47A-644F-4177-8188-AAA0D15C9368}"
EndProject
Global
	GlobalSection(SolutionConfigurationPlatforms) = preSolution
		Debug|Any CPU = Debug|Any CPU
		Release|Any CPU = Release|Any CPU
	EndGlobalSection
	GlobalSection(ProjectConfigurationPlatforms) = postSolution
		{EEB8D47A-644F-4177-8188-AAA0D15C9368}.Debug|Any CPU.ActiveCfg = Debug|Any CPU
		{EEB8D47A-644F-4177-8188-AAA0D15C9368}.Debug|Any CPU.Build.0 = Debug|Any CPU
		{EEB8D47A-644F-4177-8188-AAA0D15C9368}.Release|Any CPU.ActiveCfg = Release|Any CPU
		{EEB8D47A-644F-4177-8188-AAA0D15C9368}.Release|Any CPU.Build.0 = Release|Any CPU
	EndGlobalSection
	GlobalSection(SolutionProperties) = preSolution
		HideSolutionNode = FALSE
	EndGlobalSection
	GlobalSection(ExtensibilityGlobals) = postSolution
		SolutionGuid = {44D25CBB-29BB-434B-8259-8E7954D19100}
	EndGlobalSection
EndGlobal
